
Microsoft Visual Studio Solution File, Format Version 12.00
# Visual Studio 2013
VisualStudioVersion = 12.0.31101.0
MinimumVisualStudioVersion = 10.0.40219.1
Project("{FAE04EC0-301F-11D3-BF4B-00C04F79EFBC}") = "SearchWithTabsApp", "SearchWithTabsApp\SearchWithTabsApp\SearchWithTabsApp.csproj", "{40F141AE-6A8B-4D12-8032-03D05E7EAA03}"
EndProject
Project("{FAE04EC0-301F-11D3-BF4B-00C04F79EFBC}") = "SearchWithTabsApp.iOS", "SearchWithTabsApp\SearchWithTabsApp.iOS\SearchWithTabsApp.iOS.csproj", "{D1DA1C16-6184-4433-A3C0-FEED58455DF9}"
EndProject
Project("{FAE04EC0-301F-11D3-BF4B-00C04F79EFBC}") = "SearchWithTabsApp.Droid", "SearchWithTabsApp\SearchWithTabsApp.Droid\SearchWithTabsApp.Droid.csproj", "{8E459F46-A083-49DA-8693-49AFEE38F158}"
EndProject
Project("{FAE04EC0-301F-11D3-BF4B-00C04F79EFBC}") = "SearchWithTabsApp.WinPhone", "SearchWithTabsApp\SearchWithTabsApp.WinPhone\SearchWithTabsApp.WinPhone.csproj", "{F77F7AC8-2053-49A5-AD2D-22E97945FA71}"
EndProject
Global
	GlobalSection(SolutionConfigurationPlatforms) = preSolution
		Ad-Hoc|Any CPU = Ad-Hoc|Any CPU
		Ad-Hoc|ARM = Ad-Hoc|ARM
		Ad-Hoc|iPhone = Ad-Hoc|iPhone
		Ad-Hoc|iPhoneSimulator = Ad-Hoc|iPhoneSimulator
		Ad-Hoc|Mixed Platforms = Ad-Hoc|Mixed Platforms
		Ad-Hoc|x86 = Ad-Hoc|x86
		AppStore|Any CPU = AppStore|Any CPU
		AppStore|ARM = AppStore|ARM
		AppStore|iPhone = AppStore|iPhone
		AppStore|iPhoneSimulator = AppStore|iPhoneSimulator
		AppStore|Mixed Platforms = AppStore|Mixed Platforms
		AppStore|x86 = AppStore|x86
		Debug|Any CPU = Debug|Any CPU
		Debug|ARM = Debug|ARM
		Debug|iPhone = Debug|iPhone
		Debug|iPhoneSimulator = Debug|iPhoneSimulator
		Debug|Mixed Platforms = Debug|Mixed Platforms
		Debug|x86 = Debug|x86
		Release|Any CPU = Release|Any CPU
		Release|ARM = Release|ARM
		Release|iPhone = Release|iPhone
		Release|iPhoneSimulator = Release|iPhoneSimulator
		Release|Mixed Platforms = Release|Mixed Platforms
		Release|x86 = Release|x86
	EndGlobalSection
	GlobalSection(ProjectConfigurationPlatforms) = postSolution
		{40F141AE-6A8B-4D12-8032-03D05E7EAA03}.Ad-Hoc|Any CPU.ActiveCfg = Release|Any CPU
		{40F141AE-6A8B-4D12-8032-03D05E7EAA03}.Ad-Hoc|Any CPU.Build.0 = Release|Any CPU
		{40F141AE-6A8B-4D12-8032-03D05E7EAA03}.Ad-Hoc|ARM.ActiveCfg = Release|Any CPU
		{40F141AE-6A8B-4D12-8032-03D05E7EAA03}.Ad-Hoc|iPhone.ActiveCfg = Release|Any CPU
		{40F141AE-6A8B-4D12-8032-03D05E7EAA03}.Ad-Hoc|iPhoneSimulator.ActiveCfg = Release|Any CPU
		{40F141AE-6A8B-4D12-8032-03D05E7EAA03}.Ad-Hoc|Mixed Platforms.ActiveCfg = Release|Any CPU
		{40F141AE-6A8B-4D12-8032-03D05E7EAA03}.Ad-Hoc|Mixed Platforms.Build.0 = Release|Any CPU
		{40F141AE-6A8B-4D12-8032-03D05E7EAA03}.Ad-Hoc|x86.ActiveCfg = Release|Any CPU
		{40F141AE-6A8B-4D12-8032-03D05E7EAA03}.AppStore|Any CPU.ActiveCfg = Release|Any CPU
		{40F141AE-6A8B-4D12-8032-03D05E7EAA03}.AppStore|Any CPU.Build.0 = Release|Any CPU
		{40F141AE-6A8B-4D12-8032-03D05E7EAA03}.AppStore|ARM.ActiveCfg = Release|Any CPU
		{40F141AE-6A8B-4D12-8032-03D05E7EAA03}.AppStore|iPhone.ActiveCfg = Release|Any CPU
		{40F141AE-6A8B-4D12-8032-03D05E7EAA03}.AppStore|iPhoneSimulator.ActiveCfg = Release|Any CPU
		{40F141AE-6A8B-4D12-8032-03D05E7EAA03}.AppStore|Mixed Platforms.ActiveCfg = Release|Any CPU
		{40F141AE-6A8B-4D12-8032-03D05E7EAA03}.AppStore|Mixed Platforms.Build.0 = Release|Any CPU
		{40F141AE-6A8B-4D12-8032-03D05E7EAA03}.AppStore|x86.ActiveCfg = Release|Any CPU
		{40F141AE-6A8B-4D12-8032-03D05E7EAA03}.Debug|Any CPU.ActiveCfg = Debug|Any CPU
		{40F141AE-6A8B-4D12-8032-03D05E7EAA03}.Debug|Any CPU.Build.0 = Debug|Any CPU
		{40F141AE-6A8B-4D12-8032-03D05E7EAA03}.Debug|ARM.ActiveCfg = Debug|Any CPU
		{40F141AE-6A8B-4D12-8032-03D05E7EAA03}.Debug|iPhone.ActiveCfg = Debug|Any CPU
		{40F141AE-6A8B-4D12-8032-03D05E7EAA03}.Debug|iPhoneSimulator.ActiveCfg = Debug|Any CPU
		{40F141AE-6A8B-4D12-8032-03D05E7EAA03}.Debug|iPhoneSimulator.Build.0 = Debug|Any CPU
		{40F141AE-6A8B-4D12-8032-03D05E7EAA03}.Debug|Mixed Platforms.ActiveCfg = Debug|Any CPU
		{40F141AE-6A8B-4D12-8032-03D05E7EAA03}.Debug|Mixed Platforms.Build.0 = Debug|Any CPU
		{40F141AE-6A8B-4D12-8032-03D05E7EAA03}.Debug|x86.ActiveCfg = Debug|Any CPU
		{40F141AE-6A8B-4D12-8032-03D05E7EAA03}.Release|Any CPU.ActiveCfg = Release|Any CPU
		{40F141AE-6A8B-4D12-8032-03D05E7EAA03}.Release|Any CPU.Build.0 = Release|Any CPU
		{40F141AE-6A8B-4D12-8032-03D05E7EAA03}.Release|ARM.ActiveCfg = Release|Any CPU
		{40F141AE-6A8B-4D12-8032-03D05E7EAA03}.Release|iPhone.ActiveCfg = Release|Any CPU
		{40F141AE-6A8B-4D12-8032-03D05E7EAA03}.Release|iPhoneSimulator.ActiveCfg = Release|Any CPU
		{40F141AE-6A8B-4D12-8032-03D05E7EAA03}.Release|Mixed Platforms.ActiveCfg = Release|Any CPU
		{40F141AE-6A8B-4D12-8032-03D05E7EAA03}.Release|Mixed Platforms.Build.0 = Release|Any CPU
		{40F141AE-6A8B-4D12-8032-03D05E7EAA03}.Release|x86.ActiveCfg = Release|Any CPU
		{D1DA1C16-6184-4433-A3C0-FEED58455DF9}.Ad-Hoc|Any CPU.ActiveCfg = Ad-Hoc|iPhone
		{D1DA1C16-6184-4433-A3C0-FEED58455DF9}.Ad-Hoc|ARM.ActiveCfg = Ad-Hoc|iPhone
		{D1DA1C16-6184-4433-A3C0-FEED58455DF9}.Ad-Hoc|iPhone.ActiveCfg = Ad-Hoc|iPhone
		{D1DA1C16-6184-4433-A3C0-FEED58455DF9}.Ad-Hoc|iPhone.Build.0 = Ad-Hoc|iPhone
		{D1DA1C16-6184-4433-A3C0-FEED58455DF9}.Ad-Hoc|iPhoneSimulator.ActiveCfg = Ad-Hoc|iPhoneSimulator
		{D1DA1C16-6184-4433-A3C0-FEED58455DF9}.Ad-Hoc|iPhoneSimulator.Build.0 = Ad-Hoc|iPhoneSimulator
		{D1DA1C16-6184-4433-A3C0-FEED58455DF9}.Ad-Hoc|Mixed Platforms.ActiveCfg = Ad-Hoc|iPhone
		{D1DA1C16-6184-4433-A3C0-FEED58455DF9}.Ad-Hoc|Mixed Platforms.Build.0 = Ad-Hoc|iPhone
		{D1DA1C16-6184-4433-A3C0-FEED58455DF9}.Ad-Hoc|x86.ActiveCfg = Ad-Hoc|iPhone
		{D1DA1C16-6184-4433-A3C0-FEED58455DF9}.AppStore|Any CPU.ActiveCfg = AppStore|iPhone
		{D1DA1C16-6184-4433-A3C0-FEED58455DF9}.AppStore|ARM.ActiveCfg = AppStore|iPhone
		{D1DA1C16-6184-4433-A3C0-FEED58455DF9}.AppStore|iPhone.ActiveCfg = AppStore|iPhone
		{D1DA1C16-6184-4433-A3C0-FEED58455DF9}.AppStore|iPhone.Build.0 = AppStore|iPhone
		{D1DA1C16-6184-4433-A3C0-FEED58455DF9}.AppStore|iPhoneSimulator.ActiveCfg = AppStore|iPhoneSimulator
		{D1DA1C16-6184-4433-A3C0-FEED58455DF9}.AppStore|iPhoneSimulator.Build.0 = AppStore|iPhoneSimulator
		{D1DA1C16-6184-4433-A3C0-FEED58455DF9}.AppStore|Mixed Platforms.ActiveCfg = AppStore|iPhone
		{D1DA1C16-6184-4433-A3C0-FEED58455DF9}.AppStore|Mixed Platforms.Build.0 = AppStore|iPhone
		{D1DA1C16-6184-4433-A3C0-FEED58455DF9}.AppStore|x86.ActiveCfg = AppStore|iPhone
		{D1DA1C16-6184-4433-A3C0-FEED58455DF9}.Debug|Any CPU.ActiveCfg = Debug|iPhone
		{D1DA1C16-6184-4433-A3C0-FEED58455DF9}.Debug|ARM.ActiveCfg = Debug|iPhone
		{D1DA1C16-6184-4433-A3C0-FEED58455DF9}.Debug|iPhone.ActiveCfg = Debug|iPhone
		{D1DA1C16-6184-4433-A3C0-FEED58455DF9}.Debug|iPhone.Build.0 = Debug|iPhone
		{D1DA1C16-6184-4433-A3C0-FEED58455DF9}.Debug|iPhoneSimulator.ActiveCfg = Debug|iPhoneSimulator
		{D1DA1C16-6184-4433-A3C0-FEED58455DF9}.Debug|iPhoneSimulator.Build.0 = Debug|iPhoneSimulator
		{D1DA1C16-6184-4433-A3C0-FEED58455DF9}.Debug|Mixed Platforms.ActiveCfg = Debug|iPhone
		{D1DA1C16-6184-4433-A3C0-FEED58455DF9}.Debug|Mixed Platforms.Build.0 = Debug|iPhone
		{D1DA1C16-6184-4433-A3C0-FEED58455DF9}.Debug|x86.ActiveCfg = Debug|iPhone
		{D1DA1C16-6184-4433-A3C0-FEED58455DF9}.Release|Any CPU.ActiveCfg = Release|iPhone
		{D1DA1C16-6184-4433-A3C0-FEED58455DF9}.Release|ARM.ActiveCfg = Release|iPhone
		{D1DA1C16-6184-4433-A3C0-FEED58455DF9}.Release|iPhone.ActiveCfg = Release|iPhone
		{D1DA1C16-6184-4433-A3C0-FEED58455DF9}.Release|iPhone.Build.0 = Release|iPhone
		{D1DA1C16-6184-4433-A3C0-FEED58455DF9}.Release|iPhoneSimulator.ActiveCfg = Release|iPhoneSimulator
		{D1DA1C16-6184-4433-A3C0-FEED58455DF9}.Release|iPhoneSimulator.Build.0 = Release|iPhoneSimulator
		{D1DA1C16-6184-4433-A3C0-FEED58455DF9}.Release|Mixed Platforms.ActiveCfg = Release|iPhone
		{D1DA1C16-6184-4433-A3C0-FEED58455DF9}.Release|Mixed Platforms.Build.0 = Release|iPhone
		{D1DA1C16-6184-4433-A3C0-FEED58455DF9}.Release|x86.ActiveCfg = Release|iPhone
		{8E459F46-A083-49DA-8693-49AFEE38F158}.Ad-Hoc|Any CPU.ActiveCfg = Release|Any CPU
		{8E459F46-A083-49DA-8693-49AFEE38F158}.Ad-Hoc|Any CPU.Build.0 = Release|Any CPU
		{8E459F46-A083-49DA-8693-49AFEE38F158}.Ad-Hoc|Any CPU.Deploy.0 = Release|Any CPU
		{8E459F46-A083-49DA-8693-49AFEE38F158}.Ad-Hoc|ARM.ActiveCfg = Release|Any CPU
		{8E459F46-A083-49DA-8693-49AFEE38F158}.Ad-Hoc|iPhone.ActiveCfg = Release|Any CPU
		{8E459F46-A083-49DA-8693-49AFEE38F158}.Ad-Hoc|iPhoneSimulator.ActiveCfg = Release|Any CPU
		{8E459F46-A083-49DA-8693-49AFEE38F158}.Ad-Hoc|Mixed Platforms.ActiveCfg = Release|Any CPU
		{8E459F46-A083-49DA-8693-49AFEE38F158}.Ad-Hoc|Mixed Platforms.Build.0 = Release|Any CPU
		{8E459F46-A083-49DA-8693-49AFEE38F158}.Ad-Hoc|Mixed Platforms.Deploy.0 = Release|Any CPU
		{8E459F46-A083-49DA-8693-49AFEE38F158}.Ad-Hoc|x86.ActiveCfg = Release|Any CPU
		{8E459F46-A083-49DA-8693-49AFEE38F158}.AppStore|Any CPU.ActiveCfg = Release|Any CPU
		{8E459F46-A083-49DA-8693-49AFEE38F158}.AppStore|Any CPU.Build.0 = Release|Any CPU
		{8E459F46-A083-49DA-8693-49AFEE38F158}.AppStore|Any CPU.Deploy.0 = Release|Any CPU
		{8E459F46-A083-49DA-8693-49AFEE38F158}.AppStore|ARM.ActiveCfg = Release|Any CPU
		{8E459F46-A083-49DA-8693-49AFEE38F158}.AppStore|iPhone.ActiveCfg = Release|Any CPU
		{8E459F46-A083-49DA-8693-49AFEE38F158}.AppStore|iPhoneSimulator.ActiveCfg = Release|Any CPU
		{8E459F46-A083-49DA-8693-49AFEE38F158}.AppStore|Mixed Platforms.ActiveCfg = Release|Any CPU
		{8E459F46-A083-49DA-8693-49AFEE38F158}.AppStore|Mixed Platforms.Build.0 = Release|Any CPU
		{8E459F46-A083-49DA-8693-49AFEE38F158}.AppStore|Mixed Platforms.Deploy.0 = Release|Any CPU
		{8E459F46-A083-49DA-8693-49AFEE38F158}.AppStore|x86.ActiveCfg = Release|Any CPU
		{8E459F46-A083-49DA-8693-49AFEE38F158}.Debug|Any CPU.ActiveCfg = Debug|Any CPU
		{8E459F46-A083-49DA-8693-49AFEE38F158}.Debug|Any CPU.Build.0 = Debug|Any CPU
		{8E459F46-A083-49DA-8693-49AFEE38F158}.Debug|Any CPU.Deploy.0 = Debug|Any CPU
		{8E459F46-A083-49DA-8693-49AFEE38F158}.Debug|ARM.ActiveCfg = Debug|Any CPU
		{8E459F46-A083-49DA-8693-49AFEE38F158}.Debug|iPhone.ActiveCfg = Debug|Any CPU
		{8E459F46-A083-49DA-8693-49AFEE38F158}.Debug|iPhoneSimulator.ActiveCfg = Debug|Any CPU
		{8E459F46-A083-49DA-8693-49AFEE38F158}.Debug|Mixed Platforms.ActiveCfg = Debug|Any CPU
		{8E459F46-A083-49DA-8693-49AFEE38F158}.Debug|Mixed Platforms.Build.0 = Debug|Any CPU
		{8E459F46-A083-49DA-8693-49AFEE38F158}.Debug|Mixed Platforms.Deploy.0 = Debug|Any CPU
		{8E459F46-A083-49DA-8693-49AFEE38F158}.Debug|x86.ActiveCfg = Debug|Any CPU
		{8E459F46-A083-49DA-8693-49AFEE38F158}.Release|Any CPU.ActiveCfg = Release|Any CPU
		{8E459F46-A083-49DA-8693-49AFEE38F158}.Release|Any CPU.Build.0 = Release|Any CPU
		{8E459F46-A083-49DA-8693-49AFEE38F158}.Release|Any CPU.Deploy.0 = Release|Any CPU
		{8E459F46-A083-49DA-8693-49AFEE38F158}.Release|ARM.ActiveCfg = Release|Any CPU
		{8E459F46-A083-49DA-8693-49AFEE38F158}.Release|iPhone.ActiveCfg = Release|Any CPU
		{8E459F46-A083-49DA-8693-49AFEE38F158}.Release|iPhoneSimulator.ActiveCfg = Release|Any CPU
		{8E459F46-A083-49DA-8693-49AFEE38F158}.Release|Mixed Platforms.ActiveCfg = Release|Any CPU
		{8E459F46-A083-49DA-8693-49AFEE38F158}.Release|Mixed Platforms.Build.0 = Release|Any CPU
		{8E459F46-A083-49DA-8693-49AFEE38F158}.Release|Mixed Platforms.Deploy.0 = Release|Any CPU
		{8E459F46-A083-49DA-8693-49AFEE38F158}.Release|x86.ActiveCfg = Release|Any CPU
		{F77F7AC8-2053-49A5-AD2D-22E97945FA71}.Ad-Hoc|Any CPU.ActiveCfg = Release|Any CPU
		{F77F7AC8-2053-49A5-AD2D-22E97945FA71}.Ad-Hoc|Any CPU.Build.0 = Release|Any CPU
		{F77F7AC8-2053-49A5-AD2D-22E97945FA71}.Ad-Hoc|Any CPU.Deploy.0 = Release|Any CPU
		{F77F7AC8-2053-49A5-AD2D-22E97945FA71}.Ad-Hoc|ARM.ActiveCfg = Release|ARM
		{F77F7AC8-2053-49A5-AD2D-22E97945FA71}.Ad-Hoc|ARM.Build.0 = Release|ARM
		{F77F7AC8-2053-49A5-AD2D-22E97945FA71}.Ad-Hoc|ARM.Deploy.0 = Release|ARM
		{F77F7AC8-2053-49A5-AD2D-22E97945FA71}.Ad-Hoc|iPhone.ActiveCfg = Release|Any CPU
		{F77F7AC8-2053-49A5-AD2D-22E97945FA71}.Ad-Hoc|iPhoneSimulator.ActiveCfg = Release|Any CPU
		{F77F7AC8-2053-49A5-AD2D-22E97945FA71}.Ad-Hoc|Mixed Platforms.ActiveCfg = Release|x86
		{F77F7AC8-2053-49A5-AD2D-22E97945FA71}.Ad-Hoc|Mixed Platforms.Build.0 = Release|x86
		{F77F7AC8-2053-49A5-AD2D-22E97945FA71}.Ad-Hoc|Mixed Platforms.Deploy.0 = Release|x86
		{F77F7AC8-2053-49A5-AD2D-22E97945FA71}.Ad-Hoc|x86.ActiveCfg = Release|x86
		{F77F7AC8-2053-49A5-AD2D-22E97945FA71}.Ad-Hoc|x86.Build.0 = Release|x86
		{F77F7AC8-2053-49A5-AD2D-22E97945FA71}.Ad-Hoc|x86.Deploy.0 = Release|x86
		{F77F7AC8-2053-49A5-AD2D-22E97945FA71}.AppStore|Any CPU.ActiveCfg = Release|Any CPU
		{F77F7AC8-2053-49A5-AD2D-22E97945FA71}.AppStore|Any CPU.Build.0 = Release|Any CPU
		{F77F7AC8-2053-49A5-AD2D-22E97945FA71}.AppStore|Any CPU.Deploy.0 = Release|Any CPU
		{F77F7AC8-2053-49A5-AD2D-22E97945FA71}.AppStore|ARM.ActiveCfg = Release|ARM
		{F77F7AC8-2053-49A5-AD2D-22E97945FA71}.AppStore|ARM.Build.0 = Release|ARM
		{F77F7AC8-2053-49A5-AD2D-22E97945FA71}.AppStore|ARM.Deploy.0 = Release|ARM
		{F77F7AC8-2053-49A5-AD2D-22E97945FA71}.AppStore|iPhone.ActiveCfg = Release|Any CPU
		{F77F7AC8-2053-49A5-AD2D-22E97945FA71}.AppStore|iPhoneSimulator.ActiveCfg = Release|Any CPU
		{F77F7AC8-2053-49A5-AD2D-22E97945FA71}.AppStore|Mixed Platforms.ActiveCfg = Release|x86
		{F77F7AC8-2053-49A5-AD2D-22E97945FA71}.AppStore|Mixed Platforms.Build.0 = Release|x86
		{F77F7AC8-2053-49A5-AD2D-22E97945FA71}.AppStore|Mixed Platforms.Deploy.0 = Release|x86
		{F77F7AC8-2053-49A5-AD2D-22E97945FA71}.AppStore|x86.ActiveCfg = Release|x86
		{F77F7AC8-2053-49A5-AD2D-22E97945FA71}.AppStore|x86.Build.0 = Release|x86
		{F77F7AC8-2053-49A5-AD2D-22E97945FA71}.AppStore|x86.Deploy.0 = Release|x86
		{F77F7AC8-2053-49A5-AD2D-22E97945FA71}.Debug|Any CPU.ActiveCfg = Debug|Any CPU
		{F77F7AC8-2053-49A5-AD2D-22E97945FA71}.Debug|Any CPU.Build.0 = Debug|Any CPU
		{F77F7AC8-2053-49A5-AD2D-22E97945FA71}.Debug|Any CPU.Deploy.0 = Debug|Any CPU
		{F77F7AC8-2053-49A5-AD2D-22E97945FA71}.Debug|ARM.ActiveCfg = Debug|ARM
		{F77F7AC8-2053-49A5-AD2D-22E97945FA71}.Debug|ARM.Build.0 = Debug|ARM
		{F77F7AC8-2053-49A5-AD2D-22E97945FA71}.Debug|ARM.Deploy.0 = Debug|ARM
		{F77F7AC8-2053-49A5-AD2D-22E97945FA71}.Debug|iPhone.ActiveCfg = Debug|Any CPU
		{F77F7AC8-2053-49A5-AD2D-22E97945FA71}.Debug|iPhoneSimulator.ActiveCfg = Debug|Any CPU
		{F77F7AC8-2053-49A5-AD2D-22E97945FA71}.Debug|Mixed Platforms.ActiveCfg = Debug|x86
		{F77F7AC8-2053-49A5-AD2D-22E97945FA71}.Debug|Mixed Platforms.Build.0 = Debug|x86
		{F77F7AC8-2053-49A5-AD2D-22E97945FA71}.Debug|Mixed Platforms.Deploy.0 = Debug|x86
		{F77F7AC8-2053-49A5-AD2D-22E97945FA71}.Debug|x86.ActiveCfg = Debug|x86
		{F77F7AC8-2053-49A5-AD2D-22E97945FA71}.Debug|x86.Build.0 = Debug|x86
		{F77F7AC8-2053-49A5-AD2D-22E97945FA71}.Debug|x86.Deploy.0 = Debug|x86
		{F77F7AC8-2053-49A5-AD2D-22E97945FA71}.Release|Any CPU.ActiveCfg = Release|Any CPU
		{F77F7AC8-2053-49A5-AD2D-22E97945FA71}.Release|Any CPU.Build.0 = Release|Any CPU
		{F77F7AC8-2053-49A5-AD2D-22E97945FA71}.Release|Any CPU.Deploy.0 = Release|Any CPU
		{F77F7AC8-2053-49A5-AD2D-22E97945FA71}.Release|ARM.ActiveCfg = Release|ARM
		{F77F7AC8-2053-49A5-AD2D-22E97945FA71}.Release|ARM.Build.0 = Release|ARM
		{F77F7AC8-2053-49A5-AD2D-22E97945FA71}.Release|ARM.Deploy.0 = Release|ARM
		{F77F7AC8-2053-49A5-AD2D-22E97945FA71}.Release|iPhone.ActiveCfg = Release|Any CPU
		{F77F7AC8-2053-49A5-AD2D-22E97945FA71}.Release|iPhoneSimulator.ActiveCfg = Release|Any CPU
		{F77F7AC8-2053-49A5-AD2D-22E97945FA71}.Release|Mixed Platforms.ActiveCfg = Release|x86
		{F77F7AC8-2053-49A5-AD2D-22E97945FA71}.Release|Mixed Platforms.Build.0 = Release|x86
		{F77F7AC8-2053-49A5-AD2D-22E97945FA71}.Release|Mixed Platforms.Deploy.0 = Release|x86
		{F77F7AC8-2053-49A5-AD2D-22E97945FA71}.Release|x86.ActiveCfg = Release|x86
		{F77F7AC8-2053-49A5-AD2D-22E97945FA71}.Release|x86.Build.0 = Release|x86
		{F77F7AC8-2053-49A5-AD2D-22E97945FA71}.Release|x86.Deploy.0 = Release|x86
	EndGlobalSection
	GlobalSection(SolutionProperties) = preSolution
		HideSolutionNode = FALSE
	EndGlobalSection
EndGlobal
